# THIS IS AN AUTOGENERATED FILE. DO NOT EDIT THIS FILE DIRECTLY.
# yarn lockfile v1


buffer-writer@2.0.0:
  version "2.0.0"
  resolved "https://registry.yarnpkg.com/buffer-writer/-/buffer-writer-2.0.0.tgz#ce7eb81a38f7829db09c873f2fbb792c0c98ec04"
  integrity sha512-a7ZpuTZU1TRtnwyCNW3I5dc0wWNC3VR9S++Ewyk2HHZdrO3CQJqSpd+95Us590V6AL7JqUAH2IwZ/398PmNFgw==

packet-reader@1.0.0:
  version "1.0.0"
  resolved "https://registry.yarnpkg.com/packet-reader/-/packet-reader-1.0.0.tgz#9238e5480dedabacfe1fe3f2771063f164157d74"
  integrity sha512-HAKu/fG3HpHFO0AA8WE8q2g+gBJaZ9MG7fcKk+IJPLTGAD6Psw4443l+9DGRbOIh3/aXr7Phy0TjilYivJo5XQ==

pg-connection-string@^2.2.3:
  version "2.2.3"
  resolved "https://registry.yarnpkg.com/pg-connection-string/-/pg-connection-string-2.2.3.tgz#48e1158ec37eaa82e98dbcb7307103ec303fe0e7"
  integrity sha512-I/KCSQGmOrZx6sMHXkOs2MjddrYcqpza3Dtsy0AjIgBr/bZiPJRK9WhABXN1Uy1UDazRbi9gZEzO2sAhL5EqiQ==

pg-int8@1.0.1:
  version "1.0.1"
  resolved "https://registry.yarnpkg.com/pg-int8/-/pg-int8-1.0.1.tgz#943bd463bf5b71b4170115f80f8efc9a0c0eb78c"
  integrity sha512-WCtabS6t3c8SkpDBUlb1kjOs7l66xsGdKpIPZsg4wR+B3+u9UAum2odSsF9tnvxg80h4ZxLWMy4pRjOsFIqQpw==

pg-pool@^3.2.1:
  version "3.2.1"
  resolved "https://registry.yarnpkg.com/pg-pool/-/pg-pool-3.2.1.tgz#5f4afc0f58063659aeefa952d36af49fa28b30e0"
  integrity sha512-BQDPWUeKenVrMMDN9opfns/kZo4lxmSWhIqo+cSAF7+lfi9ZclQbr9vfnlNaPr8wYF3UYjm5X0yPAhbcgqNOdA==

pg-protocol@^1.2.4:
  version "1.2.4"
  resolved "https://registry.yarnpkg.com/pg-protocol/-/pg-protocol-1.2.4.tgz#3139cac0e51347f1e21e03954b1bb9fe2c20962e"
  integrity sha512-/8L/G+vW/VhWjTGXpGh8XVkXOFx1ZDY+Yuz//Ab8CfjInzFkreI+fDG3WjCeSra7fIZwAFxzbGptNbm8xSXenw==

pg-types@^2.1.0:
  version "2.2.0"
  resolved "https://registry.yarnpkg.com/pg-types/-/pg-types-2.2.0.tgz#2d0250d636454f7cfa3b6ae0382fdfa8063254a3"
  integrity sha512-qTAAlrEsl8s4OiEQY69wDvcMIdQN6wdz5ojQiOy6YRMuynxenON0O5oCpJI6lshc6scgAY8qvJ2On/p+CXY0GA==
  dependencies:
    pg-int8 "1.0.1"
    postgres-array "~2.0.0"
    postgres-bytea "~1.0.0"
    postgres-date "~1.0.4"
    postgres-interval "^1.1.0"

pg@^8.2.1:
  version "8.2.1"
  resolved "https://registry.yarnpkg.com/pg/-/pg-8.2.1.tgz#f5a81f5e2025182fbe701514d3e1a43e68a616ac"
  integrity sha512-DKzffhpkWRr9jx7vKxA+ur79KG+SKw+PdjMb1IRhMiKI9zqYUGczwFprqy+5Veh/DCcFs1Y6V8lRLN5I1DlleQ==
  dependencies:
    buffer-writer "2.0.0"
    packet-reader "1.0.0"
    pg-connection-string "^2.2.3"
    pg-pool "^3.2.1"
    pg-protocol "^1.2.4"
    pg-types "^2.1.0"
    pgpass "1.x"
    semver "4.3.2"

pgpass@1.x:
  version "1.0.2"
  resolved "https://registry.yarnpkg.com/pgpass/-/pgpass-1.0.2.tgz#2a7bb41b6065b67907e91da1b07c1847c877b306"
  integrity sha1-Knu0G2BltnkH6R2hsHwYR8h3swY=
  dependencies:
    split "^1.0.0"

postgres-array@~2.0.0:
  version "2.0.0"
  resolved "https://registry.yarnpkg.com/postgres-array/-/postgres-array-2.0.0.tgz#48f8fce054fbc69671999329b8834b772652d82e"
  integrity sha512-VpZrUqU5A69eQyW2c5CA1jtLecCsN2U/bD6VilrFDWq5+5UIEVO7nazS3TEcHf1zuPYO/sqGvUvW62g86RXZuA==

postgres-bytea@~1.0.0:
  version "1.0.0"
  resolved "https://registry.yarnpkg.com/postgres-bytea/-/postgres-bytea-1.0.0.tgz#027b533c0aa890e26d172d47cf9ccecc521acd35"
  integrity sha1-AntTPAqokOJtFy1Hz5zOzFIazTU=

postgres-date@~1.0.4:
  version "1.0.5"
  resolved "https://registry.yarnpkg.com/postgres-date/-/postgres-date-1.0.5.tgz#710b27de5f27d550f6e80b5d34f7ba189213c2ee"
  integrity sha512-pdau6GRPERdAYUQwkBnGKxEfPyhVZXG/JiS44iZWiNdSOWE09N2lUgN6yshuq6fVSon4Pm0VMXd1srUUkLe9iA==

postgres-interval@^1.1.0:
  version "1.2.0"
  resolved "https://registry.yarnpkg.com/postgres-interval/-/postgres-interval-1.2.0.tgz#b460c82cb1587507788819a06aa0fffdb3544695"
  integrity sha512-9ZhXKM/rw350N1ovuWHbGxnGh/SNJ4cnxHiM0rxE4VN41wsg8P8zWn9hv/buK00RP4WvlOyr/RBDiptyxVbkZQ==
  dependencies:
    xtend "^4.0.0"

semver@4.3.2:
  version "4.3.2"
  resolved "https://registry.yarnpkg.com/semver/-/semver-4.3.2.tgz#c7a07158a80bedd052355b770d82d6640f803be7"
  integrity sha1-x6BxWKgL7dBSNVt3DYLWZA+AO+c=

split@^1.0.0:
  version "1.0.1"
  resolved "https://registry.yarnpkg.com/split/-/split-1.0.1.tgz#605bd9be303aa59fb35f9229fbea0ddec9ea07d9"
  integrity sha512-mTyOoPbrivtXnwnIxZRFYRrPNtEFKlpB2fvjSnCQUiAA6qAZzqwna5envK4uk6OIeP17CsdF3rSBGYVBsU0Tkg==
  dependencies:
    through "2"

through@2:
  version "2.3.8"
  resolved "https://registry.yarnpkg.com/through/-/through-2.3.8.tgz#0dd4c9ffaabc357960b1b724115d7e0e86a2e1f5"
  integrity sha1-DdTJ/6q8NXlgsbckEV1+Doai4fU=

xtend@^4.0.0:
  version "4.0.2"
  resolved "https://registry.yarnpkg.com/xtend/-/xtend-4.0.2.tgz#bb72779f5fa465186b1f438f674fa347fdb5db54"
  integrity sha512-LKYU1iAXJXUgAXn9URjiu+MWhyUXHsvfp7mcuYm9dSUKK0/CjtrUwFAxD82/mCWbtLsGjFIad0wIsod4zrTAEQ==
